
Microsoft Visual Studio Solution File, Format Version 12.00
# Visual Studio 15
VisualStudioVersion = 15.0.27703.2042
MinimumVisualStudioVersion = 10.0.40219.1
Project("{FAE04EC0-301F-11D3-BF4B-00C04F79EFBC}") = "AplicacionWebPruebaGitHub", "AplicacionWebPruebaGitHub\AplicacionWebPruebaGitHub.csproj", "{8BB14E53-26FC-4989-8485-9A63CEA27041}"
EndProject
Global
	GlobalSection(SolutionConfigurationPlatforms) = preSolution
		Debug|Any CPU = Debug|Any CPU
		Release|Any CPU = Release|Any CPU
	EndGlobalSection
	GlobalSection(ProjectConfigurationPlatforms) = postSolution
		{8BB14E53-26FC-4989-8485-9A63CEA27041}.Debug|Any CPU.ActiveCfg = Debug|Any CPU
		{8BB14E53-26FC-4989-8485-9A63CEA27041}.Debug|Any CPU.Build.0 = Debug|Any CPU
		{8BB14E53-26FC-4989-8485-9A63CEA27041}.Release|Any CPU.ActiveCfg = Release|Any CPU
		{8BB14E53-26FC-4989-8485-9A63CEA27041}.Release|Any CPU.Build.0 = Release|Any CPU
	EndGlobalSection
	GlobalSection(SolutionProperties) = preSolution
		HideSolutionNode = FALSE
	EndGlobalSection
	GlobalSection(ExtensibilityGlobals) = postSolution
		SolutionGuid = {F77AD62F-67EE-4207-AD66-BCF0CA52D4EC}
	EndGlobalSection
EndGlobal
